// !$*UTF8*$!
{
	archiveVersion = 1;
	classes = {
	};
	objectVersion = 50;
	objects = {

/* Begin PBXBuildFile section */
		2F383F5723950702008CBD72 /* TableViewCell.m in Sources */ = {isa = PBXBuildFile; fileRef = 2F383F5523950702008CBD72 /* TableViewCell.m */; };
		2F383F5823950702008CBD72 /* TableViewCell.xib in Resources */ = {isa = PBXBuildFile; fileRef = 2F383F5623950702008CBD72 /* TableViewCell.xib */; };
		2F383F5E23950F17008CBD72 /* KKUtils.framework in Frameworks */ = {isa = PBXBuildFile; fileRef = 2FA811F0237D7A53001E3601 /* KKUtils.framework */; };
		2F9561AE256E43F5009FD28B /* CircularBarViewController.m in Sources */ = {isa = PBXBuildFile; fileRef = 2F9561A9256E43F5009FD28B /* CircularBarViewController.m */; };
		2F9561AF256E43F5009FD28B /* EmptyCellRendererViewController.m in Sources */ = {isa = PBXBuildFile; fileRef = 2F9561AC256E43F5009FD28B /* EmptyCellRendererViewController.m */; };
		2F9561B6256E47D1009FD28B /* EmptyTableViewCell.m in Sources */ = {isa = PBXBuildFile; fileRef = 2F9561B4256E47D1009FD28B /* EmptyTableViewCell.m */; };
		2F9561B7256E47D1009FD28B /* EmptyTableViewCell.xib in Resources */ = {isa = PBXBuildFile; fileRef = 2F9561B5256E47D1009FD28B /* EmptyTableViewCell.xib */; };
		2FA070A724CEBB8C00A5481D /* UIProgressView+AFNetworking.m in Sources */ = {isa = PBXBuildFile; fileRef = 2FA0708624CEBB8C00A5481D /* UIProgressView+AFNetworking.m */; };
		2FA070A824CEBB8C00A5481D /* UIRefreshControl+AFNetworking.m in Sources */ = {isa = PBXBuildFile; fileRef = 2FA0708824CEBB8C00A5481D /* UIRefreshControl+AFNetworking.m */; };
		2FA070A924CEBB8C00A5481D /* AFNetworkActivityIndicatorManager.m in Sources */ = {isa = PBXBuildFile; fileRef = 2FA0708B24CEBB8C00A5481D /* AFNetworkActivityIndicatorManager.m */; };
		2FA070AA24CEBB8C00A5481D /* WKWebView+AFNetworking.m in Sources */ = {isa = PBXBuildFile; fileRef = 2FA0708E24CEBB8C00A5481D /* WKWebView+AFNetworking.m */; };
		2FA070AB24CEBB8C00A5481D /* UIImageView+AFNetworking.m in Sources */ = {isa = PBXBuildFile; fileRef = 2FA0709024CEBB8C00A5481D /* UIImageView+AFNetworking.m */; };
		2FA070AC24CEBB8C00A5481D /* UIButton+AFNetworking.m in Sources */ = {isa = PBXBuildFile; fileRef = 2FA0709324CEBB8C00A5481D /* UIButton+AFNetworking.m */; };
		2FA070AD24CEBB8C00A5481D /* UIActivityIndicatorView+AFNetworking.m in Sources */ = {isa = PBXBuildFile; fileRef = 2FA0709424CEBB8C00A5481D /* UIActivityIndicatorView+AFNetworking.m */; };
		2FA070AE24CEBB8C00A5481D /* AFAutoPurgingImageCache.m in Sources */ = {isa = PBXBuildFile; fileRef = 2FA0709524CEBB8C00A5481D /* AFAutoPurgingImageCache.m */; };
		2FA070AF24CEBB8C00A5481D /* AFImageDownloader.m in Sources */ = {isa = PBXBuildFile; fileRef = 2FA0709724CEBB8C00A5481D /* AFImageDownloader.m */; };
		2FA070B024CEBB8C00A5481D /* AFURLResponseSerialization.m in Sources */ = {isa = PBXBuildFile; fileRef = 2FA0709D24CEBB8C00A5481D /* AFURLResponseSerialization.m */; };
		2FA070B124CEBB8C00A5481D /* AFHTTPSessionManager.m in Sources */ = {isa = PBXBuildFile; fileRef = 2FA0709E24CEBB8C00A5481D /* AFHTTPSessionManager.m */; };
		2FA070B224CEBB8C00A5481D /* AFURLSessionManager.m in Sources */ = {isa = PBXBuildFile; fileRef = 2FA070A024CEBB8C00A5481D /* AFURLSessionManager.m */; };
		2FA070B324CEBB8C00A5481D /* AFURLRequestSerialization.m in Sources */ = {isa = PBXBuildFile; fileRef = 2FA070A124CEBB8C00A5481D /* AFURLRequestSerialization.m */; };
		2FA070B424CEBB8C00A5481D /* AFNetworkReachabilityManager.m in Sources */ = {isa = PBXBuildFile; fileRef = 2FA070A324CEBB8C00A5481D /* AFNetworkReachabilityManager.m */; };
		2FA070B524CEBB8C00A5481D /* AFSecurityPolicy.m in Sources */ = {isa = PBXBuildFile; fileRef = 2FA070A424CEBB8C00A5481D /* AFSecurityPolicy.m */; };
		2FA811D3237D79BA001E3601 /* AppDelegate.m in Sources */ = {isa = PBXBuildFile; fileRef = 2FA811D2237D79BA001E3601 /* AppDelegate.m */; };
		2FA811D9237D79BA001E3601 /* ViewController.m in Sources */ = {isa = PBXBuildFile; fileRef = 2FA811D8237D79BA001E3601 /* ViewController.m */; };
		2FA811DC237D79BA001E3601 /* Main.storyboard in Resources */ = {isa = PBXBuildFile; fileRef = 2FA811DA237D79BA001E3601 /* Main.storyboard */; };
		2FA811DE237D79BC001E3601 /* Assets.xcassets in Resources */ = {isa = PBXBuildFile; fileRef = 2FA811DD237D79BC001E3601 /* Assets.xcassets */; };
		2FA811E1237D79BC001E3601 /* LaunchScreen.storyboard in Resources */ = {isa = PBXBuildFile; fileRef = 2FA811DF237D79BC001E3601 /* LaunchScreen.storyboard */; };
		2FA811E4237D79BC001E3601 /* main.m in Sources */ = {isa = PBXBuildFile; fileRef = 2FA811E3237D79BC001E3601 /* main.m */; };
		2FA81243237D8049001E3601 /* KKUtilsAssets.bundle in Resources */ = {isa = PBXBuildFile; fileRef = 2FA81242237D8049001E3601 /* KKUtilsAssets.bundle */; };
/* End PBXBuildFile section */

/* Begin PBXContainerItemProxy section */
		2FA811EF237D7A53001E3601 /* PBXContainerItemProxy */ = {
			isa = PBXContainerItemProxy;
			containerPortal = 2FA811EB237D7A53001E3601 /* KKUtils.xcodeproj */;
			proxyType = 2;
			remoteGlobalIDString = 2FC2A5C82339F67600FBF7D4;
			remoteInfo = KKUtils;
		};
		2FA8123E237D7F8D001E3601 /* PBXContainerItemProxy */ = {
			isa = PBXContainerItemProxy;
			containerPortal = 2FA811EB237D7A53001E3601 /* KKUtils.xcodeproj */;
			proxyType = 2;
			remoteGlobalIDString = 2FA81236237D7F0C001E3601;
			remoteInfo = KKUtilsAssets;
		};
		9EA3113023FA6D0B0038DEF2 /* PBXContainerItemProxy */ = {
			isa = PBXContainerItemProxy;
			containerPortal = 2FA811EB237D7A53001E3601 /* KKUtils.xcodeproj */;
			proxyType = 2;
			remoteGlobalIDString = 9EAC9FD823DAE2E5001222BD;
			remoteInfo = KKUtilsTests;
		};
/* End PBXContainerItemProxy section */

/* Begin PBXFileReference section */
		2F383F5423950702008CBD72 /* TableViewCell.h */ = {isa = PBXFileReference; lastKnownFileType = sourcecode.c.h; path = TableViewCell.h; sourceTree = "<group>"; };
		2F383F5523950702008CBD72 /* TableViewCell.m */ = {isa = PBXFileReference; lastKnownFileType = sourcecode.c.objc; path = TableViewCell.m; sourceTree = "<group>"; };
		2F383F5623950702008CBD72 /* TableViewCell.xib */ = {isa = PBXFileReference; lastKnownFileType = file.xib; path = TableViewCell.xib; sourceTree = "<group>"; };
		2F9561A9256E43F5009FD28B /* CircularBarViewController.m */ = {isa = PBXFileReference; fileEncoding = 4; lastKnownFileType = sourcecode.c.objc; path = CircularBarViewController.m; sourceTree = "<group>"; };
		2F9561AA256E43F5009FD28B /* CircularBarViewController.h */ = {isa = PBXFileReference; fileEncoding = 4; lastKnownFileType = sourcecode.c.h; path = CircularBarViewController.h; sourceTree = "<group>"; };
		2F9561AC256E43F5009FD28B /* EmptyCellRendererViewController.m */ = {isa = PBXFileReference; fileEncoding = 4; lastKnownFileType = sourcecode.c.objc; path = EmptyCellRendererViewController.m; sourceTree = "<group>"; };
		2F9561AD256E43F5009FD28B /* EmptyCellRendererViewController.h */ = {isa = PBXFileReference; fileEncoding = 4; lastKnownFileType = sourcecode.c.h; path = EmptyCellRendererViewController.h; sourceTree = "<group>"; };
		2F9561B3256E47D1009FD28B /* EmptyTableViewCell.h */ = {isa = PBXFileReference; lastKnownFileType = sourcecode.c.h; path = EmptyTableViewCell.h; sourceTree = "<group>"; };
		2F9561B4256E47D1009FD28B /* EmptyTableViewCell.m */ = {isa = PBXFileReference; lastKnownFileType = sourcecode.c.objc; path = EmptyTableViewCell.m; sourceTree = "<group>"; };
		2F9561B5256E47D1009FD28B /* EmptyTableViewCell.xib */ = {isa = PBXFileReference; lastKnownFileType = file.xib; path = EmptyTableViewCell.xib; sourceTree = "<group>"; };
		2FA0708524CEBB8C00A5481D /* WKWebView+AFNetworking.h */ = {isa = PBXFileReference; fileEncoding = 4; lastKnownFileType = sourcecode.c.h; path = "WKWebView+AFNetworking.h"; sourceTree = "<group>"; };
		2FA0708624CEBB8C00A5481D /* UIProgressView+AFNetworking.m */ = {isa = PBXFileReference; fileEncoding = 4; lastKnownFileType = sourcecode.c.objc; path = "UIProgressView+AFNetworking.m"; sourceTree = "<group>"; };
		2FA0708724CEBB8C00A5481D /* UIButton+AFNetworking.h */ = {isa = PBXFileReference; fileEncoding = 4; lastKnownFileType = sourcecode.c.h; path = "UIButton+AFNetworking.h"; sourceTree = "<group>"; };
		2FA0708824CEBB8C00A5481D /* UIRefreshControl+AFNetworking.m */ = {isa = PBXFileReference; fileEncoding = 4; lastKnownFileType = sourcecode.c.objc; path = "UIRefreshControl+AFNetworking.m"; sourceTree = "<group>"; };
		2FA0708924CEBB8C00A5481D /* UIImageView+AFNetworking.h */ = {isa = PBXFileReference; fileEncoding = 4; lastKnownFileType = sourcecode.c.h; path = "UIImageView+AFNetworking.h"; sourceTree = "<group>"; };
		2FA0708A24CEBB8C00A5481D /* AFImageDownloader.h */ = {isa = PBXFileReference; fileEncoding = 4; lastKnownFileType = sourcecode.c.h; path = AFImageDownloader.h; sourceTree = "<group>"; };
		2FA0708B24CEBB8C00A5481D /* AFNetworkActivityIndicatorManager.m */ = {isa = PBXFileReference; fileEncoding = 4; lastKnownFileType = sourcecode.c.objc; path = AFNetworkActivityIndicatorManager.m; sourceTree = "<group>"; };
		2FA0708C24CEBB8C00A5481D /* AFAutoPurgingImageCache.h */ = {isa = PBXFileReference; fileEncoding = 4; lastKnownFileType = sourcecode.c.h; path = AFAutoPurgingImageCache.h; sourceTree = "<group>"; };
		2FA0708D24CEBB8C00A5481D /* UIActivityIndicatorView+AFNetworking.h */ = {isa = PBXFileReference; fileEncoding = 4; lastKnownFileType = sourcecode.c.h; path = "UIActivityIndicatorView+AFNetworking.h"; sourceTree = "<group>"; };
		2FA0708E24CEBB8C00A5481D /* WKWebView+AFNetworking.m */ = {isa = PBXFileReference; fileEncoding = 4; lastKnownFileType = sourcecode.c.objc; path = "WKWebView+AFNetworking.m"; sourceTree = "<group>"; };
		2FA0708F24CEBB8C00A5481D /* UIProgressView+AFNetworking.h */ = {isa = PBXFileReference; fileEncoding = 4; lastKnownFileType = sourcecode.c.h; path = "UIProgressView+AFNetworking.h"; sourceTree = "<group>"; };
		2FA0709024CEBB8C00A5481D /* UIImageView+AFNetworking.m */ = {isa = PBXFileReference; fileEncoding = 4; lastKnownFileType = sourcecode.c.objc; path = "UIImageView+AFNetworking.m"; sourceTree = "<group>"; };
		2FA0709124CEBB8C00A5481D /* UIKit+AFNetworking.h */ = {isa = PBXFileReference; fileEncoding = 4; lastKnownFileType = sourcecode.c.h; path = "UIKit+AFNetworking.h"; sourceTree = "<group>"; };
		2FA0709224CEBB8C00A5481D /* UIRefreshControl+AFNetworking.h */ = {isa = PBXFileReference; fileEncoding = 4; lastKnownFileType = sourcecode.c.h; path = "UIRefreshControl+AFNetworking.h"; sourceTree = "<group>"; };
		2FA0709324CEBB8C00A5481D /* UIButton+AFNetworking.m */ = {isa = PBXFileReference; fileEncoding = 4; lastKnownFileType = sourcecode.c.objc; path = "UIButton+AFNetworking.m"; sourceTree = "<group>"; };
		2FA0709424CEBB8C00A5481D /* UIActivityIndicatorView+AFNetworking.m */ = {isa = PBXFileReference; fileEncoding = 4; lastKnownFileType = sourcecode.c.objc; path = "UIActivityIndicatorView+AFNetworking.m"; sourceTree = "<group>"; };
		2FA0709524CEBB8C00A5481D /* AFAutoPurgingImageCache.m */ = {isa = PBXFileReference; fileEncoding = 4; lastKnownFileType = sourcecode.c.objc; path = AFAutoPurgingImageCache.m; sourceTree = "<group>"; };
		2FA0709624CEBB8C00A5481D /* AFNetworkActivityIndicatorManager.h */ = {isa = PBXFileReference; fileEncoding = 4; lastKnownFileType = sourcecode.c.h; path = AFNetworkActivityIndicatorManager.h; sourceTree = "<group>"; };
		2FA0709724CEBB8C00A5481D /* AFImageDownloader.m */ = {isa = PBXFileReference; fileEncoding = 4; lastKnownFileType = sourcecode.c.objc; path = AFImageDownloader.m; sourceTree = "<group>"; };
		2FA0709924CEBB8C00A5481D /* AFSecurityPolicy.h */ = {isa = PBXFileReference; fileEncoding = 4; lastKnownFileType = sourcecode.c.h; path = AFSecurityPolicy.h; sourceTree = "<group>"; };
		2FA0709A24CEBB8C00A5481D /* AFNetworkReachabilityManager.h */ = {isa = PBXFileReference; fileEncoding = 4; lastKnownFileType = sourcecode.c.h; path = AFNetworkReachabilityManager.h; sourceTree = "<group>"; };
		2FA0709B24CEBB8C00A5481D /* AFURLSessionManager.h */ = {isa = PBXFileReference; fileEncoding = 4; lastKnownFileType = sourcecode.c.h; path = AFURLSessionManager.h; sourceTree = "<group>"; };
		2FA0709C24CEBB8C00A5481D /* AFURLRequestSerialization.h */ = {isa = PBXFileReference; fileEncoding = 4; lastKnownFileType = sourcecode.c.h; path = AFURLRequestSerialization.h; sourceTree = "<group>"; };
		2FA0709D24CEBB8C00A5481D /* AFURLResponseSerialization.m */ = {isa = PBXFileReference; fileEncoding = 4; lastKnownFileType = sourcecode.c.objc; path = AFURLResponseSerialization.m; sourceTree = "<group>"; };
		2FA0709E24CEBB8C00A5481D /* AFHTTPSessionManager.m */ = {isa = PBXFileReference; fileEncoding = 4; lastKnownFileType = sourcecode.c.objc; path = AFHTTPSessionManager.m; sourceTree = "<group>"; };
		2FA0709F24CEBB8C00A5481D /* AFURLResponseSerialization.h */ = {isa = PBXFileReference; fileEncoding = 4; lastKnownFileType = sourcecode.c.h; path = AFURLResponseSerialization.h; sourceTree = "<group>"; };
		2FA070A024CEBB8C00A5481D /* AFURLSessionManager.m */ = {isa = PBXFileReference; fileEncoding = 4; lastKnownFileType = sourcecode.c.objc; path = AFURLSessionManager.m; sourceTree = "<group>"; };
		2FA070A124CEBB8C00A5481D /* AFURLRequestSerialization.m */ = {isa = PBXFileReference; fileEncoding = 4; lastKnownFileType = sourcecode.c.objc; path = AFURLRequestSerialization.m; sourceTree = "<group>"; };
		2FA070A224CEBB8C00A5481D /* AFNetworking.h */ = {isa = PBXFileReference; fileEncoding = 4; lastKnownFileType = sourcecode.c.h; path = AFNetworking.h; sourceTree = "<group>"; };
		2FA070A324CEBB8C00A5481D /* AFNetworkReachabilityManager.m */ = {isa = PBXFileReference; fileEncoding = 4; lastKnownFileType = sourcecode.c.objc; path = AFNetworkReachabilityManager.m; sourceTree = "<group>"; };
		2FA070A424CEBB8C00A5481D /* AFSecurityPolicy.m */ = {isa = PBXFileReference; fileEncoding = 4; lastKnownFileType = sourcecode.c.objc; path = AFSecurityPolicy.m; sourceTree = "<group>"; };
		2FA070A524CEBB8C00A5481D /* AFCompatibilityMacros.h */ = {isa = PBXFileReference; fileEncoding = 4; lastKnownFileType = sourcecode.c.h; path = AFCompatibilityMacros.h; sourceTree = "<group>"; };
		2FA070A624CEBB8C00A5481D /* AFHTTPSessionManager.h */ = {isa = PBXFileReference; fileEncoding = 4; lastKnownFileType = sourcecode.c.h; path = AFHTTPSessionManager.h; sourceTree = "<group>"; };
		2FA811CE237D79BA001E3601 /* KKUtilsDemo.app */ = {isa = PBXFileReference; explicitFileType = wrapper.application; includeInIndex = 0; path = KKUtilsDemo.app; sourceTree = BUILT_PRODUCTS_DIR; };
		2FA811D1237D79BA001E3601 /* AppDelegate.h */ = {isa = PBXFileReference; lastKnownFileType = sourcecode.c.h; path = AppDelegate.h; sourceTree = "<group>"; };
		2FA811D2237D79BA001E3601 /* AppDelegate.m */ = {isa = PBXFileReference; lastKnownFileType = sourcecode.c.objc; path = AppDelegate.m; sourceTree = "<group>"; };
		2FA811D7237D79BA001E3601 /* ViewController.h */ = {isa = PBXFileReference; lastKnownFileType = sourcecode.c.h; path = ViewController.h; sourceTree = "<group>"; };
		2FA811D8237D79BA001E3601 /* ViewController.m */ = {isa = PBXFileReference; lastKnownFileType = sourcecode.c.objc; path = ViewController.m; sourceTree = "<group>"; };
		2FA811DB237D79BA001E3601 /* Base */ = {isa = PBXFileReference; lastKnownFileType = file.storyboard; name = Base; path = Base.lproj/Main.storyboard; sourceTree = "<group>"; };
		2FA811DD237D79BC001E3601 /* Assets.xcassets */ = {isa = PBXFileReference; lastKnownFileType = folder.assetcatalog; path = Assets.xcassets; sourceTree = "<group>"; };
		2FA811E0237D79BC001E3601 /* Base */ = {isa = PBXFileReference; lastKnownFileType = file.storyboard; name = Base; path = Base.lproj/LaunchScreen.storyboard; sourceTree = "<group>"; };
		2FA811E2237D79BC001E3601 /* Info.plist */ = {isa = PBXFileReference; lastKnownFileType = text.plist.xml; path = Info.plist; sourceTree = "<group>"; };
		2FA811E3237D79BC001E3601 /* main.m */ = {isa = PBXFileReference; lastKnownFileType = sourcecode.c.objc; path = main.m; sourceTree = "<group>"; };
		2FA811EB237D7A53001E3601 /* KKUtils.xcodeproj */ = {isa = PBXFileReference; lastKnownFileType = "wrapper.pb-project"; name = KKUtils.xcodeproj; path = ../../KKUtils/KKUtils.xcodeproj; sourceTree = "<group>"; };
		2FA81242237D8049001E3601 /* KKUtilsAssets.bundle */ = {isa = PBXFileReference; lastKnownFileType = "wrapper.plug-in"; path = KKUtilsAssets.bundle; sourceTree = "<group>"; };
/* End PBXFileReference section */

/* Begin PBXFrameworksBuildPhase section */
		2FA811CB237D79BA001E3601 /* Frameworks */ = {
			isa = PBXFrameworksBuildPhase;
			buildActionMask = 2147483647;
			files = (
				2F383F5E23950F17008CBD72 /* KKUtils.framework in Frameworks */,
			);
			runOnlyForDeploymentPostprocessing = 0;
		};
/* End PBXFrameworksBuildPhase section */

/* Begin PBXGroup section */
		2F383F5D23950F17008CBD72 /* Frameworks */ = {
			isa = PBXGroup;
			children = (
			);
			name = Frameworks;
			sourceTree = "<group>";
		};
		2F9561A7256E43F5009FD28B /* Examples */ = {
			isa = PBXGroup;
			children = (
				2F9561A8256E43F5009FD28B /* UI */,
				2F9561AB256E43F5009FD28B /* EmptyCellRenderer */,
			);
			path = Examples;
			sourceTree = "<group>";
		};
		2F9561A8256E43F5009FD28B /* UI */ = {
			isa = PBXGroup;
			children = (
				2F9561A9256E43F5009FD28B /* CircularBarViewController.m */,
				2F9561AA256E43F5009FD28B /* CircularBarViewController.h */,
			);
			path = UI;
			sourceTree = "<group>";
		};
		2F9561AB256E43F5009FD28B /* EmptyCellRenderer */ = {
			isa = PBXGroup;
			children = (
				2F9561AD256E43F5009FD28B /* EmptyCellRendererViewController.h */,
				2F9561AC256E43F5009FD28B /* EmptyCellRendererViewController.m */,
				2F9561B3256E47D1009FD28B /* EmptyTableViewCell.h */,
				2F9561B4256E47D1009FD28B /* EmptyTableViewCell.m */,
				2F9561B5256E47D1009FD28B /* EmptyTableViewCell.xib */,
			);
			path = EmptyCellRenderer;
			sourceTree = "<group>";
		};
		2FA0708424CEBB8C00A5481D /* UIKit+AFNetworking */ = {
			isa = PBXGroup;
			children = (
				2FA0708524CEBB8C00A5481D /* WKWebView+AFNetworking.h */,
				2FA0708624CEBB8C00A5481D /* UIProgressView+AFNetworking.m */,
				2FA0708724CEBB8C00A5481D /* UIButton+AFNetworking.h */,
				2FA0708824CEBB8C00A5481D /* UIRefreshControl+AFNetworking.m */,
				2FA0708924CEBB8C00A5481D /* UIImageView+AFNetworking.h */,
				2FA0708A24CEBB8C00A5481D /* AFImageDownloader.h */,
				2FA0708B24CEBB8C00A5481D /* AFNetworkActivityIndicatorManager.m */,
				2FA0708C24CEBB8C00A5481D /* AFAutoPurgingImageCache.h */,
				2FA0708D24CEBB8C00A5481D /* UIActivityIndicatorView+AFNetworking.h */,
				2FA0708E24CEBB8C00A5481D /* WKWebView+AFNetworking.m */,
				2FA0708F24CEBB8C00A5481D /* UIProgressView+AFNetworking.h */,
				2FA0709024CEBB8C00A5481D /* UIImageView+AFNetworking.m */,
				2FA0709124CEBB8C00A5481D /* UIKit+AFNetworking.h */,
				2FA0709224CEBB8C00A5481D /* UIRefreshControl+AFNetworking.h */,
				2FA0709324CEBB8C00A5481D /* UIButton+AFNetworking.m */,
				2FA0709424CEBB8C00A5481D /* UIActivityIndicatorView+AFNetworking.m */,
				2FA0709524CEBB8C00A5481D /* AFAutoPurgingImageCache.m */,
				2FA0709624CEBB8C00A5481D /* AFNetworkActivityIndicatorManager.h */,
				2FA0709724CEBB8C00A5481D /* AFImageDownloader.m */,
			);
			path = "UIKit+AFNetworking";
			sourceTree = "<group>";
		};
		2FA0709824CEBB8C00A5481D /* AFNetworking */ = {
			isa = PBXGroup;
			children = (
				2FA0709924CEBB8C00A5481D /* AFSecurityPolicy.h */,
				2FA0709A24CEBB8C00A5481D /* AFNetworkReachabilityManager.h */,
				2FA0709B24CEBB8C00A5481D /* AFURLSessionManager.h */,
				2FA0709C24CEBB8C00A5481D /* AFURLRequestSerialization.h */,
				2FA0709D24CEBB8C00A5481D /* AFURLResponseSerialization.m */,
				2FA0709E24CEBB8C00A5481D /* AFHTTPSessionManager.m */,
				2FA0709F24CEBB8C00A5481D /* AFURLResponseSerialization.h */,
				2FA070A024CEBB8C00A5481D /* AFURLSessionManager.m */,
				2FA070A124CEBB8C00A5481D /* AFURLRequestSerialization.m */,
				2FA070A224CEBB8C00A5481D /* AFNetworking.h */,
				2FA070A324CEBB8C00A5481D /* AFNetworkReachabilityManager.m */,
				2FA070A424CEBB8C00A5481D /* AFSecurityPolicy.m */,
				2FA070A524CEBB8C00A5481D /* AFCompatibilityMacros.h */,
				2FA070A624CEBB8C00A5481D /* AFHTTPSessionManager.h */,
			);
			path = AFNetworking;
			sourceTree = "<group>";
		};
		2FA811C5237D79BA001E3601 = {
			isa = PBXGroup;
			children = (
				2FA811EA237D7A48001E3601 /* Vendor */,
				2FA811D0237D79BA001E3601 /* KKUtilsDemo */,
				2FA811CF237D79BA001E3601 /* Products */,
				2F383F5D23950F17008CBD72 /* Frameworks */,
			);
			sourceTree = "<group>";
		};
		2FA811CF237D79BA001E3601 /* Products */ = {
			isa = PBXGroup;
			children = (
				2FA811CE237D79BA001E3601 /* KKUtilsDemo.app */,
			);
			name = Products;
			sourceTree = "<group>";
		};
		2FA811D0237D79BA001E3601 /* KKUtilsDemo */ = {
			isa = PBXGroup;
			children = (
				2F9561A7256E43F5009FD28B /* Examples */,
				2FA811D1237D79BA001E3601 /* AppDelegate.h */,
				2FA811D2237D79BA001E3601 /* AppDelegate.m */,
				2FA811D7237D79BA001E3601 /* ViewController.h */,
				2FA811D8237D79BA001E3601 /* ViewController.m */,
				2F383F5423950702008CBD72 /* TableViewCell.h */,
				2F383F5523950702008CBD72 /* TableViewCell.m */,
				2F383F5623950702008CBD72 /* TableViewCell.xib */,
				2FA811DA237D79BA001E3601 /* Main.storyboard */,
				2FA811DD237D79BC001E3601 /* Assets.xcassets */,
				2FA811DF237D79BC001E3601 /* LaunchScreen.storyboard */,
				2FA811E2237D79BC001E3601 /* Info.plist */,
				2FA811E3237D79BC001E3601 /* main.m */,
			);
			path = KKUtilsDemo;
			sourceTree = "<group>";
		};
		2FA811EA237D7A48001E3601 /* Vendor */ = {
			isa = PBXGroup;
			children = (
				2FA81242237D8049001E3601 /* KKUtilsAssets.bundle */,
				2FA811F5237D7B86001E3601 /* Extras */,
				2FA811EB237D7A53001E3601 /* KKUtils.xcodeproj */,
			);
			path = Vendor;
			sourceTree = "<group>";
		};
		2FA811EC237D7A53001E3601 /* Products */ = {
			isa = PBXGroup;
			children = (
				2FA811F0237D7A53001E3601 /* KKUtils.framework */,
				2FA8123F237D7F8D001E3601 /* KKUtilsAssets.bundle */,
				9EA3113123FA6D0B0038DEF2 /* KKUtilsTests.xctest */,
			);
			name = Products;
			sourceTree = "<group>";
		};
		2FA811F5237D7B86001E3601 /* Extras */ = {
			isa = PBXGroup;
			children = (
				2FA811F6237D7B86001E3601 /* AFNetworking */,
			);
			name = Extras;
			path = ../../KKUtils/Extras;
			sourceTree = "<group>";
		};
		2FA811F6237D7B86001E3601 /* AFNetworking */ = {
			isa = PBXGroup;
			children = (
				2FA0709824CEBB8C00A5481D /* AFNetworking */,
				2FA0708424CEBB8C00A5481D /* UIKit+AFNetworking */,
			);
			path = AFNetworking;
			sourceTree = "<group>";
		};
/* End PBXGroup section */

/* Begin PBXNativeTarget section */
		2FA811CD237D79BA001E3601 /* KKUtilsDemo */ = {
			isa = PBXNativeTarget;
			buildConfigurationList = 2FA811E7237D79BC001E3601 /* Build configuration list for PBXNativeTarget "KKUtilsDemo" */;
			buildPhases = (
				2FA811CA237D79BA001E3601 /* Sources */,
				2FA811CB237D79BA001E3601 /* Frameworks */,
				2FA811CC237D79BA001E3601 /* Resources */,
			);
			buildRules = (
			);
			dependencies = (
			);
			name = KKUtilsDemo;
			productName = KKUtilsDemo;
			productReference = 2FA811CE237D79BA001E3601 /* KKUtilsDemo.app */;
			productType = "com.apple.product-type.application";
		};
/* End PBXNativeTarget section */

/* Begin PBXProject section */
		2FA811C6237D79BA001E3601 /* Project object */ = {
			isa = PBXProject;
			attributes = {
				LastUpgradeCheck = 1200;
				ORGANIZATIONNAME = "Tolga Seremet";
				TargetAttributes = {
					2FA811CD237D79BA001E3601 = {
						CreatedOnToolsVersion = 11.0;
					};
				};
			};
			buildConfigurationList = 2FA811C9237D79BA001E3601 /* Build configuration list for PBXProject "KKUtilsDemo" */;
			compatibilityVersion = "Xcode 9.3";
			developmentRegion = en;
			hasScannedForEncodings = 0;
			knownRegions = (
				en,
				Base,
			);
			mainGroup = 2FA811C5237D79BA001E3601;
			productRefGroup = 2FA811CF237D79BA001E3601 /* Products */;
			projectDirPath = "";
			projectReferences = (
				{
					ProductGroup = 2FA811EC237D7A53001E3601 /* Products */;
					ProjectRef = 2FA811EB237D7A53001E3601 /* KKUtils.xcodeproj */;
				},
			);
			projectRoot = "";
			targets = (
				2FA811CD237D79BA001E3601 /* KKUtilsDemo */,
			);
		};
/* End PBXProject section */

/* Begin PBXReferenceProxy section */
		2FA811F0237D7A53001E3601 /* KKUtils.framework */ = {
			isa = PBXReferenceProxy;
			fileType = wrapper.framework;
			path = KKUtils.framework;
			remoteRef = 2FA811EF237D7A53001E3601 /* PBXContainerItemProxy */;
			sourceTree = BUILT_PRODUCTS_DIR;
		};
		2FA8123F237D7F8D001E3601 /* KKUtilsAssets.bundle */ = {
			isa = PBXReferenceProxy;
			fileType = wrapper.cfbundle;
			path = KKUtilsAssets.bundle;
			remoteRef = 2FA8123E237D7F8D001E3601 /* PBXContainerItemProxy */;
			sourceTree = BUILT_PRODUCTS_DIR;
		};
		9EA3113123FA6D0B0038DEF2 /* KKUtilsTests.xctest */ = {
			isa = PBXReferenceProxy;
			fileType = wrapper.cfbundle;
			path = KKUtilsTests.xctest;
			remoteRef = 9EA3113023FA6D0B0038DEF2 /* PBXContainerItemProxy */;
			sourceTree = BUILT_PRODUCTS_DIR;
		};
/* End PBXReferenceProxy section */

/* Begin PBXResourcesBuildPhase section */
		2FA811CC237D79BA001E3601 /* Resources */ = {
			isa = PBXResourcesBuildPhase;
			buildActionMask = 2147483647;
			files = (
				2FA811E1237D79BC001E3601 /* LaunchScreen.storyboard in Resources */,
				2F383F5823950702008CBD72 /* TableViewCell.xib in Resources */,
				2FA811DE237D79BC001E3601 /* Assets.xcassets in Resources */,
				2F9561B7256E47D1009FD28B /* EmptyTableViewCell.xib in Resources */,
				2FA81243237D8049001E3601 /* KKUtilsAssets.bundle in Resources */,
				2FA811DC237D79BA001E3601 /* Main.storyboard in Resources */,
			);
			runOnlyForDeploymentPostprocessing = 0;
		};
/* End PBXResourcesBuildPhase section */

/* Begin PBXSourcesBuildPhase section */
		2FA811CA237D79BA001E3601 /* Sources */ = {
			isa = PBXSourcesBuildPhase;
			buildActionMask = 2147483647;
			files = (
				2FA070B224CEBB8C00A5481D /* AFURLSessionManager.m in Sources */,
				2FA070AA24CEBB8C00A5481D /* WKWebView+AFNetworking.m in Sources */,
				2FA070AB24CEBB8C00A5481D /* UIImageView+AFNetworking.m in Sources */,
				2FA811D9237D79BA001E3601 /* ViewController.m in Sources */,
				2FA070A824CEBB8C00A5481D /* UIRefreshControl+AFNetworking.m in Sources */,
				2FA070B424CEBB8C00A5481D /* AFNetworkReachabilityManager.m in Sources */,
				2FA070B024CEBB8C00A5481D /* AFURLResponseSerialization.m in Sources */,
				2F9561AE256E43F5009FD28B /* CircularBarViewController.m in Sources */,
				2FA811D3237D79BA001E3601 /* AppDelegate.m in Sources */,
				2F9561AF256E43F5009FD28B /* EmptyCellRendererViewController.m in Sources */,
				2FA070AC24CEBB8C00A5481D /* UIButton+AFNetworking.m in Sources */,
				2FA070B124CEBB8C00A5481D /* AFHTTPSessionManager.m in Sources */,
				2FA070B324CEBB8C00A5481D /* AFURLRequestSerialization.m in Sources */,
				2FA070AD24CEBB8C00A5481D /* UIActivityIndicatorView+AFNetworking.m in Sources */,
				2FA070AE24CEBB8C00A5481D /* AFAutoPurgingImageCache.m in Sources */,
				2FA070A924CEBB8C00A5481D /* AFNetworkActivityIndicatorManager.m in Sources */,
				2FA811E4237D79BC001E3601 /* main.m in Sources */,
				2F9561B6256E47D1009FD28B /* EmptyTableViewCell.m in Sources */,
				2FA070B524CEBB8C00A5481D /* AFSecurityPolicy.m in Sources */,
				2FA070AF24CEBB8C00A5481D /* AFImageDownloader.m in Sources */,
				2FA070A724CEBB8C00A5481D /* UIProgressView+AFNetworking.m in Sources */,
				2F383F5723950702008CBD72 /* TableViewCell.m in Sources */,
			);
			runOnlyForDeploymentPostprocessing = 0;
		};
/* End PBXSourcesBuildPhase section */

/* Begin PBXVariantGroup section */
		2FA811DA237D79BA001E3601 /* Main.storyboard */ = {
			isa = PBXVariantGroup;
			children = (
				2FA811DB237D79BA001E3601 /* Base */,
			);
			name = Main.storyboard;
			sourceTree = "<group>";
		};
		2FA811DF237D79BC001E3601 /* LaunchScreen.storyboard */ = {
			isa = PBXVariantGroup;
			children = (
				2FA811E0237D79BC001E3601 /* Base */,
			);
			name = LaunchScreen.storyboard;
			sourceTree = "<group>";
		};
/* End PBXVariantGroup section */

/* Begin XCBuildConfiguration section */
		2FA811E5237D79BC001E3601 /* Debug */ = {
			isa = XCBuildConfiguration;
			buildSettings = {
				ALWAYS_SEARCH_USER_PATHS = NO;
				CLANG_ANALYZER_NONNULL = YES;
				CLANG_ANALYZER_NUMBER_OBJECT_CONVERSION = YES_AGGRESSIVE;
				CLANG_CXX_LANGUAGE_STANDARD = "gnu++14";
				CLANG_CXX_LIBRARY = "libc++";
				CLANG_ENABLE_MODULES = YES;
				CLANG_ENABLE_OBJC_ARC = YES;
				CLANG_ENABLE_OBJC_WEAK = YES;
				CLANG_WARN_BLOCK_CAPTURE_AUTORELEASING = YES;
				CLANG_WARN_BOOL_CONVERSION = YES;
				CLANG_WARN_COMMA = YES;
				CLANG_WARN_CONSTANT_CONVERSION = YES;
				CLANG_WARN_DEPRECATED_OBJC_IMPLEMENTATIONS = YES;
				CLANG_WARN_DIRECT_OBJC_ISA_USAGE = YES_ERROR;
				CLANG_WARN_DOCUMENTATION_COMMENTS = YES;
				CLANG_WARN_EMPTY_BODY = YES;
				CLANG_WARN_ENUM_CONVERSION = YES;
				CLANG_WARN_INFINITE_RECURSION = YES;
				CLANG_WARN_INT_CONVERSION = YES;
				CLANG_WARN_NON_LITERAL_NULL_CONVERSION = YES;
				CLANG_WARN_OBJC_IMPLICIT_RETAIN_SELF = YES;
				CLANG_WARN_OBJC_LITERAL_CONVERSION = YES;
				CLANG_WARN_OBJC_ROOT_CLASS = YES_ERROR;
				CLANG_WARN_QUOTED_INCLUDE_IN_FRAMEWORK_HEADER = YES;
				CLANG_WARN_RANGE_LOOP_ANALYSIS = YES;
				CLANG_WARN_STRICT_PROTOTYPES = YES;
				CLANG_WARN_SUSPICIOUS_MOVE = YES;
				CLANG_WARN_UNGUARDED_AVAILABILITY = YES_AGGRESSIVE;
				CLANG_WARN_UNREACHABLE_CODE = YES;
				CLANG_WARN__DUPLICATE_METHOD_MATCH = YES;
				COPY_PHASE_STRIP = NO;
				DEBUG_INFORMATION_FORMAT = dwarf;
				ENABLE_STRICT_OBJC_MSGSEND = YES;
				ENABLE_TESTABILITY = YES;
				GCC_C_LANGUAGE_STANDARD = gnu11;
				GCC_DYNAMIC_NO_PIC = NO;
				GCC_NO_COMMON_BLOCKS = YES;
				GCC_OPTIMIZATION_LEVEL = 0;
				GCC_PREPROCESSOR_DEFINITIONS = (
					"DEBUG=1",
					"$(inherited)",
				);
				GCC_WARN_64_TO_32_BIT_CONVERSION = YES;
				GCC_WARN_ABOUT_RETURN_TYPE = YES_ERROR;
				GCC_WARN_UNDECLARED_SELECTOR = YES;
				GCC_WARN_UNINITIALIZED_AUTOS = YES_AGGRESSIVE;
				GCC_WARN_UNUSED_FUNCTION = YES;
				GCC_WARN_UNUSED_VARIABLE = YES;
				IPHONEOS_DEPLOYMENT_TARGET = 13.0;
				MTL_ENABLE_DEBUG_INFO = INCLUDE_SOURCE;
				MTL_FAST_MATH = YES;
				ONLY_ACTIVE_ARCH = YES;
				OTHER_CODE_SIGN_FLAGS = "--generate-entitlement-der";
				SDKROOT = iphoneos;
			};
			name = Debug;
		};
		2FA811E6237D79BC001E3601 /* Release */ = {
			isa = XCBuildConfiguration;
			buildSettings = {
				ALWAYS_SEARCH_USER_PATHS = NO;
				CLANG_ANALYZER_NONNULL = YES;
				CLANG_ANALYZER_NUMBER_OBJECT_CONVERSION = YES_AGGRESSIVE;
				CLANG_CXX_LANGUAGE_STANDARD = "gnu++14";
				CLANG_CXX_LIBRARY = "libc++";
				CLANG_ENABLE_MODULES = YES;
				CLANG_ENABLE_OBJC_ARC = YES;
				CLANG_ENABLE_OBJC_WEAK = YES;
				CLANG_WARN_BLOCK_CAPTURE_AUTORELEASING = YES;
				CLANG_WARN_BOOL_CONVERSION = YES;
				CLANG_WARN_COMMA = YES;
				CLANG_WARN_CONSTANT_CONVERSION = YES;
				CLANG_WARN_DEPRECATED_OBJC_IMPLEMENTATIONS = YES;
				CLANG_WARN_DIRECT_OBJC_ISA_USAGE = YES_ERROR;
				CLANG_WARN_DOCUMENTATION_COMMENTS = YES;
				CLANG_WARN_EMPTY_BODY = YES;
				CLANG_WARN_ENUM_CONVERSION = YES;
				CLANG_WARN_INFINITE_RECURSION = YES;
				CLANG_WARN_INT_CONVERSION = YES;
				CLANG_WARN_NON_LITERAL_NULL_CONVERSION = YES;
				CLANG_WARN_OBJC_IMPLICIT_RETAIN_SELF = YES;
				CLANG_WARN_OBJC_LITERAL_CONVERSION = YES;
				CLANG_WARN_OBJC_ROOT_CLASS = YES_ERROR;
				CLANG_WARN_QUOTED_INCLUDE_IN_FRAMEWORK_HEADER = YES;
				CLANG_WARN_RANGE_LOOP_ANALYSIS = YES;
				CLANG_WARN_STRICT_PROTOTYPES = YES;
				CLANG_WARN_SUSPICIOUS_MOVE = YES;
				CLANG_WARN_UNGUARDED_AVAILABILITY = YES_AGGRESSIVE;
				CLANG_WARN_UNREACHABLE_CODE = YES;
				CLANG_WARN__DUPLICATE_METHOD_MATCH = YES;
				COPY_PHASE_STRIP = NO;
				DEBUG_INFORMATION_FORMAT = "dwarf-with-dsym";
				ENABLE_NS_ASSERTIONS = NO;
				ENABLE_STRICT_OBJC_MSGSEND = YES;
				GCC_C_LANGUAGE_STANDARD = gnu11;
				GCC_NO_COMMON_BLOCKS = YES;
				GCC_WARN_64_TO_32_BIT_CONVERSION = YES;
				GCC_WARN_ABOUT_RETURN_TYPE = YES_ERROR;
				GCC_WARN_UNDECLARED_SELECTOR = YES;
				GCC_WARN_UNINITIALIZED_AUTOS = YES_AGGRESSIVE;
				GCC_WARN_UNUSED_FUNCTION = YES;
				GCC_WARN_UNUSED_VARIABLE = YES;
				IPHONEOS_DEPLOYMENT_TARGET = 13.0;
				MTL_ENABLE_DEBUG_INFO = NO;
				MTL_FAST_MATH = YES;
				OTHER_CODE_SIGN_FLAGS = "--generate-entitlement-der";
				SDKROOT = iphoneos;
				VALIDATE_PRODUCT = YES;
			};
			name = Release;
		};
		2FA811E8237D79BC001E3601 /* Debug */ = {
			isa = XCBuildConfiguration;
			buildSettings = {
				ASSETCATALOG_COMPILER_APPICON_NAME = AppIcon;
				CODE_SIGN_STYLE = Automatic;
				DEVELOPMENT_TEAM = 6AUH76QNW9;
				INFOPLIST_FILE = KKUtilsDemo/Info.plist;
				IPHONEOS_DEPLOYMENT_TARGET = 12.0;
				LD_RUNPATH_SEARCH_PATHS = (
					"$(inherited)",
					"@executable_path/Frameworks",
				);
				MARKETING_VERSION = 1.1.17;
				OTHER_LDFLAGS = "-ObjC";
				PRODUCT_BUNDLE_IDENTIFIER = com.kokteyl.KKUtilsDemo;
				PRODUCT_NAME = "$(TARGET_NAME)";
				TARGETED_DEVICE_FAMILY = "1,2";
			};
			name = Debug;
		};
		2FA811E9237D79BC001E3601 /* Release */ = {
			isa = XCBuildConfiguration;
			buildSettings = {
				ASSETCATALOG_COMPILER_APPICON_NAME = AppIcon;
				CODE_SIGN_STYLE = Automatic;
				DEVELOPMENT_TEAM = 6AUH76QNW9;
				INFOPLIST_FILE = KKUtilsDemo/Info.plist;
				IPHONEOS_DEPLOYMENT_TARGET = 12.0;
				LD_RUNPATH_SEARCH_PATHS = (
					"$(inherited)",
					"@executable_path/Frameworks",
				);
				MARKETING_VERSION = 1.1.17;
				OTHER_LDFLAGS = "-ObjC";
				PRODUCT_BUNDLE_IDENTIFIER = com.kokteyl.KKUtilsDemo;
				PRODUCT_NAME = "$(TARGET_NAME)";
				TARGETED_DEVICE_FAMILY = "1,2";
			};
			name = Release;
		};
/* End XCBuildConfiguration section */

/* Begin XCConfigurationList section */
		2FA811C9237D79BA001E3601 /* Build configuration list for PBXProject "KKUtilsDemo" */ = {
			isa = XCConfigurationList;
			buildConfigurations = (
				2FA811E5237D79BC001E3601 /* Debug */,
				2FA811E6237D79BC001E3601 /* Release */,
			);
			defaultConfigurationIsVisible = 0;
			defaultConfigurationName = Release;
		};
		2FA811E7237D79BC001E3601 /* Build configuration list for PBXNativeTarget "KKUtilsDemo" */ = {
			isa = XCConfigurationList;
			buildConfigurations = (
				2FA811E8237D79BC001E3601 /* Debug */,
				2FA811E9237D79BC001E3601 /* Release */,
			);
			defaultConfigurationIsVisible = 0;
			defaultConfigurationName = Release;
		};
/* End XCConfigurationList section */
	};
	rootObject = 2FA811C6237D79BA001E3601 /* Project object */;
}
